// !$*UTF8*$!
{
	archiveVersion = 1;
	classes = {
	};
	objectVersion = 48;
	objects = {

/* Begin PBXBuildFile section */
		BE313E47207291CA008B99E8 /* ListRecipeCell.swift in Sources */ = {isa = PBXBuildFile; fileRef = BE313E46207291CA008B99E8 /* ListRecipeCell.swift */; };
		BE313E4F2072A472008B99E8 /* ShowRecipePresenter.swift in Sources */ = {isa = PBXBuildFile; fileRef = BE313E492072A472008B99E8 /* ShowRecipePresenter.swift */; };
		BE313E502072A472008B99E8 /* ShowRecipeWorker.swift in Sources */ = {isa = PBXBuildFile; fileRef = BE313E4A2072A472008B99E8 /* ShowRecipeWorker.swift */; };
		BE313E512072A472008B99E8 /* ShowRecipeRouter.swift in Sources */ = {isa = PBXBuildFile; fileRef = BE313E4B2072A472008B99E8 /* ShowRecipeRouter.swift */; };
		BE313E522072A472008B99E8 /* ShowRecipeModels.swift in Sources */ = {isa = PBXBuildFile; fileRef = BE313E4C2072A472008B99E8 /* ShowRecipeModels.swift */; };
		BE313E532072A472008B99E8 /* ShowRecipeViewController.swift in Sources */ = {isa = PBXBuildFile; fileRef = BE313E4D2072A472008B99E8 /* ShowRecipeViewController.swift */; };
		BE313E542072A472008B99E8 /* ShowRecipeInteractor.swift in Sources */ = {isa = PBXBuildFile; fileRef = BE313E4E2072A472008B99E8 /* ShowRecipeInteractor.swift */; };
		BE313E5C2077F4B4008B99E8 /* MyRecipePresenter.swift in Sources */ = {isa = PBXBuildFile; fileRef = BE313E562077F4B4008B99E8 /* MyRecipePresenter.swift */; };
		BE313E5D2077F4B4008B99E8 /* MyRecipeWorker.swift in Sources */ = {isa = PBXBuildFile; fileRef = BE313E572077F4B4008B99E8 /* MyRecipeWorker.swift */; };
		BE313E5E2077F4B4008B99E8 /* MyRecipeRouter.swift in Sources */ = {isa = PBXBuildFile; fileRef = BE313E582077F4B4008B99E8 /* MyRecipeRouter.swift */; };
		BE313E5F2077F4B4008B99E8 /* MyRecipeModels.swift in Sources */ = {isa = PBXBuildFile; fileRef = BE313E592077F4B4008B99E8 /* MyRecipeModels.swift */; };
		BE313E602077F4B4008B99E8 /* MyRecipeViewController.swift in Sources */ = {isa = PBXBuildFile; fileRef = BE313E5A2077F4B4008B99E8 /* MyRecipeViewController.swift */; };
		BE313E612077F4B4008B99E8 /* MyRecipeInteractor.swift in Sources */ = {isa = PBXBuildFile; fileRef = BE313E5B2077F4B4008B99E8 /* MyRecipeInteractor.swift */; };
		BE313E6420782E04008B99E8 /* MyRecipeMemStore.swift in Sources */ = {isa = PBXBuildFile; fileRef = BE313E6320782E04008B99E8 /* MyRecipeMemStore.swift */; };
		BE466944206C7E73000AC6C3 /* Recipe.swift in Sources */ = {isa = PBXBuildFile; fileRef = BE466943206C7E73000AC6C3 /* Recipe.swift */; };
		BE466947206D4040000AC6C3 /* TestRecipes.swift in Sources */ = {isa = PBXBuildFile; fileRef = BE466946206D4040000AC6C3 /* TestRecipes.swift */; };
		BE46694A206D9605000AC6C3 /* RecipesWorker.swift in Sources */ = {isa = PBXBuildFile; fileRef = BE466949206D9605000AC6C3 /* RecipesWorker.swift */; };
		BE92A1BB207C05BA005BB072 /* Milo.xcdatamodeld in Sources */ = {isa = PBXBuildFile; fileRef = BE92A1B9207C05BA005BB072 /* Milo.xcdatamodeld */; };
		BE92A1C2207C07E3005BB072 /* ManagedRecipe+CoreDataClass.swift in Sources */ = {isa = PBXBuildFile; fileRef = BE92A1C0207C07E3005BB072 /* ManagedRecipe+CoreDataClass.swift */; };
		BE92A1C3207C07E3005BB072 /* ManagedRecipe+CoreDataProperties.swift in Sources */ = {isa = PBXBuildFile; fileRef = BE92A1C1207C07E3005BB072 /* ManagedRecipe+CoreDataProperties.swift */; };
		BEB94295206BFA2700F1FEE1 /* AppDelegate.swift in Sources */ = {isa = PBXBuildFile; fileRef = BEB94294206BFA2700F1FEE1 /* AppDelegate.swift */; };
		BEB9429A206BFA2700F1FEE1 /* Main.storyboard in Resources */ = {isa = PBXBuildFile; fileRef = BEB94298206BFA2700F1FEE1 /* Main.storyboard */; };
		BEB9429C206BFA2700F1FEE1 /* Assets.xcassets in Resources */ = {isa = PBXBuildFile; fileRef = BEB9429B206BFA2700F1FEE1 /* Assets.xcassets */; };
		BEB9429F206BFA2700F1FEE1 /* LaunchScreen.storyboard in Resources */ = {isa = PBXBuildFile; fileRef = BEB9429D206BFA2700F1FEE1 /* LaunchScreen.storyboard */; };
		BEB942B0206BFCCD00F1FEE1 /* ListRecipePresenter.swift in Sources */ = {isa = PBXBuildFile; fileRef = BEB942AA206BFCCD00F1FEE1 /* ListRecipePresenter.swift */; };
		BEB942B1206BFCCD00F1FEE1 /* ListRecipeWorker.swift in Sources */ = {isa = PBXBuildFile; fileRef = BEB942AB206BFCCD00F1FEE1 /* ListRecipeWorker.swift */; };
		BEB942B2206BFCCD00F1FEE1 /* ListRecipeRouter.swift in Sources */ = {isa = PBXBuildFile; fileRef = BEB942AC206BFCCD00F1FEE1 /* ListRecipeRouter.swift */; };
		BEB942B3206BFCCD00F1FEE1 /* ListRecipeModels.swift in Sources */ = {isa = PBXBuildFile; fileRef = BEB942AD206BFCCD00F1FEE1 /* ListRecipeModels.swift */; };
		BEB942B4206BFCCD00F1FEE1 /* ListRecipeViewController.swift in Sources */ = {isa = PBXBuildFile; fileRef = BEB942AE206BFCCD00F1FEE1 /* ListRecipeViewController.swift */; };
		BEB942B5206BFCCD00F1FEE1 /* ListRecipeInteractor.swift in Sources */ = {isa = PBXBuildFile; fileRef = BEB942AF206BFCCD00F1FEE1 /* ListRecipeInteractor.swift */; };
		BEDA09FE207FC067000ACDD2 /* Alert.xib in Resources */ = {isa = PBXBuildFile; fileRef = BEDA09FD207FC067000ACDD2 /* Alert.xib */; };
		BEDA0A01207FDB9C000ACDD2 /* AlertView.swift in Sources */ = {isa = PBXBuildFile; fileRef = BEDA0A00207FDB9B000ACDD2 /* AlertView.swift */; };
		BEE1B981207D179F00A99BB8 /* MyRecipeCoreDataStore.swift in Sources */ = {isa = PBXBuildFile; fileRef = BEE1B980207D179F00A99BB8 /* MyRecipeCoreDataStore.swift */; };
/* End PBXBuildFile section */

/* Begin PBXFileReference section */
		BE313E46207291CA008B99E8 /* ListRecipeCell.swift */ = {isa = PBXFileReference; lastKnownFileType = sourcecode.swift; path = ListRecipeCell.swift; sourceTree = "<group>"; };
		BE313E492072A472008B99E8 /* ShowRecipePresenter.swift */ = {isa = PBXFileReference; lastKnownFileType = sourcecode.swift; path = ShowRecipePresenter.swift; sourceTree = "<group>"; };
		BE313E4A2072A472008B99E8 /* ShowRecipeWorker.swift */ = {isa = PBXFileReference; lastKnownFileType = sourcecode.swift; path = ShowRecipeWorker.swift; sourceTree = "<group>"; };
		BE313E4B2072A472008B99E8 /* ShowRecipeRouter.swift */ = {isa = PBXFileReference; lastKnownFileType = sourcecode.swift; path = ShowRecipeRouter.swift; sourceTree = "<group>"; };
		BE313E4C2072A472008B99E8 /* ShowRecipeModels.swift */ = {isa = PBXFileReference; lastKnownFileType = sourcecode.swift; path = ShowRecipeModels.swift; sourceTree = "<group>"; };
		BE313E4D2072A472008B99E8 /* ShowRecipeViewController.swift */ = {isa = PBXFileReference; lastKnownFileType = sourcecode.swift; path = ShowRecipeViewController.swift; sourceTree = "<group>"; };
		BE313E4E2072A472008B99E8 /* ShowRecipeInteractor.swift */ = {isa = PBXFileReference; lastKnownFileType = sourcecode.swift; path = ShowRecipeInteractor.swift; sourceTree = "<group>"; };
		BE313E562077F4B4008B99E8 /* MyRecipePresenter.swift */ = {isa = PBXFileReference; lastKnownFileType = sourcecode.swift; path = MyRecipePresenter.swift; sourceTree = "<group>"; };
		BE313E572077F4B4008B99E8 /* MyRecipeWorker.swift */ = {isa = PBXFileReference; lastKnownFileType = sourcecode.swift; path = MyRecipeWorker.swift; sourceTree = "<group>"; };
		BE313E582077F4B4008B99E8 /* MyRecipeRouter.swift */ = {isa = PBXFileReference; lastKnownFileType = sourcecode.swift; path = MyRecipeRouter.swift; sourceTree = "<group>"; };
		BE313E592077F4B4008B99E8 /* MyRecipeModels.swift */ = {isa = PBXFileReference; lastKnownFileType = sourcecode.swift; path = MyRecipeModels.swift; sourceTree = "<group>"; };
		BE313E5A2077F4B4008B99E8 /* MyRecipeViewController.swift */ = {isa = PBXFileReference; lastKnownFileType = sourcecode.swift; path = MyRecipeViewController.swift; sourceTree = "<group>"; };
		BE313E5B2077F4B4008B99E8 /* MyRecipeInteractor.swift */ = {isa = PBXFileReference; lastKnownFileType = sourcecode.swift; path = MyRecipeInteractor.swift; sourceTree = "<group>"; };
		BE313E6320782E04008B99E8 /* MyRecipeMemStore.swift */ = {isa = PBXFileReference; lastKnownFileType = sourcecode.swift; path = MyRecipeMemStore.swift; sourceTree = "<group>"; };
		BE466943206C7E73000AC6C3 /* Recipe.swift */ = {isa = PBXFileReference; lastKnownFileType = sourcecode.swift; path = Recipe.swift; sourceTree = "<group>"; };
		BE466946206D4040000AC6C3 /* TestRecipes.swift */ = {isa = PBXFileReference; lastKnownFileType = sourcecode.swift; path = TestRecipes.swift; sourceTree = "<group>"; };
		BE466949206D9605000AC6C3 /* RecipesWorker.swift */ = {isa = PBXFileReference; lastKnownFileType = sourcecode.swift; path = RecipesWorker.swift; sourceTree = "<group>"; };
		BE92A1BA207C05BA005BB072 /* Milo.xcdatamodel */ = {isa = PBXFileReference; lastKnownFileType = wrapper.xcdatamodel; path = Milo.xcdatamodel; sourceTree = "<group>"; };
		BE92A1C0207C07E3005BB072 /* ManagedRecipe+CoreDataClass.swift */ = {isa = PBXFileReference; lastKnownFileType = sourcecode.swift; path = "ManagedRecipe+CoreDataClass.swift"; sourceTree = "<group>"; };
		BE92A1C1207C07E3005BB072 /* ManagedRecipe+CoreDataProperties.swift */ = {isa = PBXFileReference; lastKnownFileType = sourcecode.swift; path = "ManagedRecipe+CoreDataProperties.swift"; sourceTree = "<group>"; };
		BEB94291206BFA2700F1FEE1 /* Milo.app */ = {isa = PBXFileReference; explicitFileType = wrapper.application; includeInIndex = 0; path = Milo.app; sourceTree = BUILT_PRODUCTS_DIR; };
		BEB94294206BFA2700F1FEE1 /* AppDelegate.swift */ = {isa = PBXFileReference; lastKnownFileType = sourcecode.swift; path = AppDelegate.swift; sourceTree = "<group>"; };
		BEB94299206BFA2700F1FEE1 /* Base */ = {isa = PBXFileReference; lastKnownFileType = file.storyboard; name = Base; path = Base.lproj/Main.storyboard; sourceTree = "<group>"; };
		BEB9429B206BFA2700F1FEE1 /* Assets.xcassets */ = {isa = PBXFileReference; lastKnownFileType = folder.assetcatalog; path = Assets.xcassets; sourceTree = "<group>"; };
		BEB9429E206BFA2700F1FEE1 /* Base */ = {isa = PBXFileReference; lastKnownFileType = file.storyboard; name = Base; path = Base.lproj/LaunchScreen.storyboard; sourceTree = "<group>"; };
		BEB942A0206BFA2700F1FEE1 /* Info.plist */ = {isa = PBXFileReference; lastKnownFileType = text.plist.xml; path = Info.plist; sourceTree = "<group>"; };
		BEB942AA206BFCCD00F1FEE1 /* ListRecipePresenter.swift */ = {isa = PBXFileReference; lastKnownFileType = sourcecode.swift; path = ListRecipePresenter.swift; sourceTree = "<group>"; };
		BEB942AB206BFCCD00F1FEE1 /* ListRecipeWorker.swift */ = {isa = PBXFileReference; lastKnownFileType = sourcecode.swift; path = ListRecipeWorker.swift; sourceTree = "<group>"; };
		BEB942AC206BFCCD00F1FEE1 /* ListRecipeRouter.swift */ = {isa = PBXFileReference; lastKnownFileType = sourcecode.swift; path = ListRecipeRouter.swift; sourceTree = "<group>"; };
		BEB942AD206BFCCD00F1FEE1 /* ListRecipeModels.swift */ = {isa = PBXFileReference; lastKnownFileType = sourcecode.swift; path = ListRecipeModels.swift; sourceTree = "<group>"; };
		BEB942AE206BFCCD00F1FEE1 /* ListRecipeViewController.swift */ = {isa = PBXFileReference; lastKnownFileType = sourcecode.swift; path = ListRecipeViewController.swift; sourceTree = "<group>"; };
		BEB942AF206BFCCD00F1FEE1 /* ListRecipeInteractor.swift */ = {isa = PBXFileReference; lastKnownFileType = sourcecode.swift; path = ListRecipeInteractor.swift; sourceTree = "<group>"; };
		BEDA09FD207FC067000ACDD2 /* Alert.xib */ = {isa = PBXFileReference; lastKnownFileType = file.xib; path = Alert.xib; sourceTree = "<group>"; };
		BEDA0A00207FDB9B000ACDD2 /* AlertView.swift */ = {isa = PBXFileReference; lastKnownFileType = sourcecode.swift; path = AlertView.swift; sourceTree = "<group>"; };
		BEE1B980207D179F00A99BB8 /* MyRecipeCoreDataStore.swift */ = {isa = PBXFileReference; lastKnownFileType = sourcecode.swift; path = MyRecipeCoreDataStore.swift; sourceTree = "<group>"; };
/* End PBXFileReference section */

/* Begin PBXFrameworksBuildPhase section */
		BEB9428E206BFA2700F1FEE1 /* Frameworks */ = {
			isa = PBXFrameworksBuildPhase;
			buildActionMask = 2147483647;
			files = (
			);
			runOnlyForDeploymentPostprocessing = 0;
		};
/* End PBXFrameworksBuildPhase section */

/* Begin PBXGroup section */
		BE313E45207291B3008B99E8 /* Views */ = {
			isa = PBXGroup;
			children = (
				BE313E46207291CA008B99E8 /* ListRecipeCell.swift */,
			);
			path = Views;
			sourceTree = "<group>";
		};
		BE313E482072A44F008B99E8 /* ShowRecipe */ = {
			isa = PBXGroup;
			children = (
				BE313E492072A472008B99E8 /* ShowRecipePresenter.swift */,
				BE313E4A2072A472008B99E8 /* ShowRecipeWorker.swift */,
				BE313E4B2072A472008B99E8 /* ShowRecipeRouter.swift */,
				BE313E4C2072A472008B99E8 /* ShowRecipeModels.swift */,
				BE313E4D2072A472008B99E8 /* ShowRecipeViewController.swift */,
				BE313E4E2072A472008B99E8 /* ShowRecipeInteractor.swift */,
			);
			path = ShowRecipe;
			sourceTree = "<group>";
		};
		BE313E552077F49B008B99E8 /* MyRecipe */ = {
			isa = PBXGroup;
			children = (
				BE313E562077F4B4008B99E8 /* MyRecipePresenter.swift */,
				BE313E572077F4B4008B99E8 /* MyRecipeWorker.swift */,
				BE313E582077F4B4008B99E8 /* MyRecipeRouter.swift */,
				BE313E592077F4B4008B99E8 /* MyRecipeModels.swift */,
				BE313E5A2077F4B4008B99E8 /* MyRecipeViewController.swift */,
				BE313E5B2077F4B4008B99E8 /* MyRecipeInteractor.swift */,
			);
			path = MyRecipe;
			sourceTree = "<group>";
		};
		BE313E6220782DCA008B99E8 /* Service */ = {
			isa = PBXGroup;
			children = (
				BE313E6320782E04008B99E8 /* MyRecipeMemStore.swift */,
				BEE1B980207D179F00A99BB8 /* MyRecipeCoreDataStore.swift */,
			);
			path = Service;
			sourceTree = "<group>";
		};
		BE466942206C7E5A000AC6C3 /* Model */ = {
			isa = PBXGroup;
			children = (
				BE466943206C7E73000AC6C3 /* Recipe.swift */,
				BE92A1C0207C07E3005BB072 /* ManagedRecipe+CoreDataClass.swift */,
				BE92A1C1207C07E3005BB072 /* ManagedRecipe+CoreDataProperties.swift */,
			);
			path = Model;
			sourceTree = "<group>";
		};
		BE466945206D402B000AC6C3 /* Testing */ = {
			isa = PBXGroup;
			children = (
				BE466946206D4040000AC6C3 /* TestRecipes.swift */,
			);
			path = Testing;
			sourceTree = "<group>";
		};
		BE466948206D95CD000AC6C3 /* Worker */ = {
			isa = PBXGroup;
			children = (
				BE466949206D9605000AC6C3 /* RecipesWorker.swift */,
			);
			path = Worker;
			sourceTree = "<group>";
		};
		BEB94288206BFA2700F1FEE1 = {
			isa = PBXGroup;
			children = (
				BEB94293206BFA2700F1FEE1 /* Milo */,
				BEB94292206BFA2700F1FEE1 /* Products */,
			);
			sourceTree = "<group>";
		};
		BEB94292206BFA2700F1FEE1 /* Products */ = {
			isa = PBXGroup;
			children = (
				BEB94291206BFA2700F1FEE1 /* Milo.app */,
			);
			name = Products;
			sourceTree = "<group>";
		};
		BEB94293206BFA2700F1FEE1 /* Milo */ = {
			isa = PBXGroup;
			children = (
				BEDA09FF207FDB89000ACDD2 /* Views */,
				BE313E6220782DCA008B99E8 /* Service */,
				BE466948206D95CD000AC6C3 /* Worker */,
				BE466945206D402B000AC6C3 /* Testing */,
				BE466942206C7E5A000AC6C3 /* Model */,
				BEB942A8206BFC3C00F1FEE1 /* Scenes */,
				BEB94294206BFA2700F1FEE1 /* AppDelegate.swift */,
				BEB94298206BFA2700F1FEE1 /* Main.storyboard */,
				BEDA09FD207FC067000ACDD2 /* Alert.xib */,
				BEB9429B206BFA2700F1FEE1 /* Assets.xcassets */,
				BEB9429D206BFA2700F1FEE1 /* LaunchScreen.storyboard */,
				BEB942A0206BFA2700F1FEE1 /* Info.plist */,
				BE92A1B9207C05BA005BB072 /* Milo.xcdatamodeld */,
			);
			path = Milo;
			sourceTree = "<group>";
		};
		BEB942A8206BFC3C00F1FEE1 /* Scenes */ = {
			isa = PBXGroup;
			children = (
				BE313E552077F49B008B99E8 /* MyRecipe */,
				BE313E482072A44F008B99E8 /* ShowRecipe */,
				BEB942A9206BFC4000F1FEE1 /* ListRecipe */,
			);
			path = Scenes;
			sourceTree = "<group>";
		};
		BEB942A9206BFC4000F1FEE1 /* ListRecipe */ = {
			isa = PBXGroup;
			children = (
				BE313E45207291B3008B99E8 /* Views */,
				BEB942AA206BFCCD00F1FEE1 /* ListRecipePresenter.swift */,
				BEB942AB206BFCCD00F1FEE1 /* ListRecipeWorker.swift */,
				BEB942AC206BFCCD00F1FEE1 /* ListRecipeRouter.swift */,
				BEB942AD206BFCCD00F1FEE1 /* ListRecipeModels.swift */,
				BEB942AE206BFCCD00F1FEE1 /* ListRecipeViewController.swift */,
				BEB942AF206BFCCD00F1FEE1 /* ListRecipeInteractor.swift */,
			);
			path = ListRecipe;
			sourceTree = "<group>";
		};
		BEDA09FF207FDB89000ACDD2 /* Views */ = {
			isa = PBXGroup;
			children = (
				BEDA0A00207FDB9B000ACDD2 /* AlertView.swift */,
			);
			path = Views;
			sourceTree = "<group>";
		};
/* End PBXGroup section */

/* Begin PBXNativeTarget section */
		BEB94290206BFA2700F1FEE1 /* Milo */ = {
			isa = PBXNativeTarget;
			buildConfigurationList = BEB942A3206BFA2700F1FEE1 /* Build configuration list for PBXNativeTarget "Milo" */;
			buildPhases = (
				BEB9428D206BFA2700F1FEE1 /* Sources */,
				BEB9428E206BFA2700F1FEE1 /* Frameworks */,
				BEB9428F206BFA2700F1FEE1 /* Resources */,
			);
			buildRules = (
			);
			dependencies = (
			);
			name = Milo;
			productName = Milo;
			productReference = BEB94291206BFA2700F1FEE1 /* Milo.app */;
			productType = "com.apple.product-type.application";
		};
/* End PBXNativeTarget section */

/* Begin PBXProject section */
		BEB94289206BFA2700F1FEE1 /* Project object */ = {
			isa = PBXProject;
			attributes = {
				LastSwiftUpdateCheck = 0920;
				LastUpgradeCheck = 0930;
				ORGANIZATIONNAME = ByEldon;
				TargetAttributes = {
					BEB94290206BFA2700F1FEE1 = {
						CreatedOnToolsVersion = 9.2;
						ProvisioningStyle = Automatic;
					};
				};
			};
			buildConfigurationList = BEB9428C206BFA2700F1FEE1 /* Build configuration list for PBXProject "Milo" */;
			compatibilityVersion = "Xcode 8.0";
			developmentRegion = en;
			hasScannedForEncodings = 0;
			knownRegions = (
				en,
				Base,
			);
			mainGroup = BEB94288206BFA2700F1FEE1;
			productRefGroup = BEB94292206BFA2700F1FEE1 /* Products */;
			projectDirPath = "";
			projectRoot = "";
			targets = (
				BEB94290206BFA2700F1FEE1 /* Milo */,
			);
		};
/* End PBXProject section */

/* Begin PBXResourcesBuildPhase section */
		BEB9428F206BFA2700F1FEE1 /* Resources */ = {
			isa = PBXResourcesBuildPhase;
			buildActionMask = 2147483647;
			files = (
				BEB9429F206BFA2700F1FEE1 /* LaunchScreen.storyboard in Resources */,
				BEB9429C206BFA2700F1FEE1 /* Assets.xcassets in Resources */,
				BEDA09FE207FC067000ACDD2 /* Alert.xib in Resources */,
				BEB9429A206BFA2700F1FEE1 /* Main.storyboard in Resources */,
			);
			runOnlyForDeploymentPostprocessing = 0;
		};
/* End PBXResourcesBuildPhase section */

/* Begin PBXSourcesBuildPhase section */
		BEB9428D206BFA2700F1FEE1 /* Sources */ = {
			isa = PBXSourcesBuildPhase;
			buildActionMask = 2147483647;
			files = (
				BEB94295206BFA2700F1FEE1 /* AppDelegate.swift in Sources */,
				BE313E542072A472008B99E8 /* ShowRecipeInteractor.swift in Sources */,
				BE313E5E2077F4B4008B99E8 /* MyRecipeRouter.swift in Sources */,
				BE313E6420782E04008B99E8 /* MyRecipeMemStore.swift in Sources */,
				BE313E532072A472008B99E8 /* ShowRecipeViewController.swift in Sources */,
				BE46694A206D9605000AC6C3 /* RecipesWorker.swift in Sources */,
				BEB942B4206BFCCD00F1FEE1 /* ListRecipeViewController.swift in Sources */,
				BE92A1C3207C07E3005BB072 /* ManagedRecipe+CoreDataProperties.swift in Sources */,
				BE313E512072A472008B99E8 /* ShowRecipeRouter.swift in Sources */,
				BE313E5D2077F4B4008B99E8 /* MyRecipeWorker.swift in Sources */,
				BE313E502072A472008B99E8 /* ShowRecipeWorker.swift in Sources */,
				BEB942B0206BFCCD00F1FEE1 /* ListRecipePresenter.swift in Sources */,
				BEB942B5206BFCCD00F1FEE1 /* ListRecipeInteractor.swift in Sources */,
				BEB942B1206BFCCD00F1FEE1 /* ListRecipeWorker.swift in Sources */,
				BE92A1C2207C07E3005BB072 /* ManagedRecipe+CoreDataClass.swift in Sources */,
				BEB942B2206BFCCD00F1FEE1 /* ListRecipeRouter.swift in Sources */,
				BEE1B981207D179F00A99BB8 /* MyRecipeCoreDataStore.swift in Sources */,
				BEB942B3206BFCCD00F1FEE1 /* ListRecipeModels.swift in Sources */,
				BE313E612077F4B4008B99E8 /* MyRecipeInteractor.swift in Sources */,
				BE466947206D4040000AC6C3 /* TestRecipes.swift in Sources */,
				BE313E4F2072A472008B99E8 /* ShowRecipePresenter.swift in Sources */,
				BE92A1BB207C05BA005BB072 /* Milo.xcdatamodeld in Sources */,
				BE313E522072A472008B99E8 /* ShowRecipeModels.swift in Sources */,
				BE466944206C7E73000AC6C3 /* Recipe.swift in Sources */,
				BE313E602077F4B4008B99E8 /* MyRecipeViewController.swift in Sources */,
				BE313E5F2077F4B4008B99E8 /* MyRecipeModels.swift in Sources */,
				BEDA0A01207FDB9C000ACDD2 /* AlertView.swift in Sources */,
				BE313E5C2077F4B4008B99E8 /* MyRecipePresenter.swift in Sources */,
				BE313E47207291CA008B99E8 /* ListRecipeCell.swift in Sources */,
			);
			runOnlyForDeploymentPostprocessing = 0;
		};
/* End PBXSourcesBuildPhase section */

/* Begin PBXVariantGroup section */
		BEB94298206BFA2700F1FEE1 /* Main.storyboard */ = {
			isa = PBXVariantGroup;
			children = (
				BEB94299206BFA2700F1FEE1 /* Base */,
			);
			name = Main.storyboard;
			sourceTree = "<group>";
		};
		BEB9429D206BFA2700F1FEE1 /* LaunchScreen.storyboard */ = {
			isa = PBXVariantGroup;
			children = (
				BEB9429E206BFA2700F1FEE1 /* Base */,
			);
			name = LaunchScreen.storyboard;
			sourceTree = "<group>";
		};
/* End PBXVariantGroup section */

/* Begin XCBuildConfiguration section */
		BEB942A1206BFA2700F1FEE1 /* Debug */ = {
			isa = XCBuildConfiguration;
			buildSettings = {
				ALWAYS_SEARCH_USER_PATHS = NO;
				CLANG_ANALYZER_NONNULL = YES;
				CLANG_ANALYZER_NUMBER_OBJECT_CONVERSION = YES_AGGRESSIVE;
				CLANG_CXX_LANGUAGE_STANDARD = "gnu++14";
				CLANG_CXX_LIBRARY = "libc++";
				CLANG_ENABLE_MODULES = YES;
				CLANG_ENABLE_OBJC_ARC = YES;
				CLANG_WARN_BLOCK_CAPTURE_AUTORELEASING = YES;
				CLANG_WARN_BOOL_CONVERSION = YES;
				CLANG_WARN_COMMA = YES;
				CLANG_WARN_CONSTANT_CONVERSION = YES;
				CLANG_WARN_DEPRECATED_OBJC_IMPLEMENTATIONS = YES;
				CLANG_WARN_DIRECT_OBJC_ISA_USAGE = YES_ERROR;
				CLANG_WARN_DOCUMENTATION_COMMENTS = YES;
				CLANG_WARN_EMPTY_BODY = YES;
				CLANG_WARN_ENUM_CONVERSION = YES;
				CLANG_WARN_INFINITE_RECURSION = YES;
				CLANG_WARN_INT_CONVERSION = YES;
				CLANG_WARN_NON_LITERAL_NULL_CONVERSION = YES;
				CLANG_WARN_OBJC_IMPLICIT_RETAIN_SELF = YES;
				CLANG_WARN_OBJC_LITERAL_CONVERSION = YES;
				CLANG_WARN_OBJC_ROOT_CLASS = YES_ERROR;
				CLANG_WARN_RANGE_LOOP_ANALYSIS = YES;
				CLANG_WARN_STRICT_PROTOTYPES = YES;
				CLANG_WARN_SUSPICIOUS_MOVE = YES;
				CLANG_WARN_UNGUARDED_AVAILABILITY = YES_AGGRESSIVE;
				CLANG_WARN_UNREACHABLE_CODE = YES;
				CLANG_WARN__DUPLICATE_METHOD_MATCH = YES;
				CODE_SIGN_IDENTITY = "iPhone Developer";
				COPY_PHASE_STRIP = NO;
				DEBUG_INFORMATION_FORMAT = dwarf;
				ENABLE_STRICT_OBJC_MSGSEND = YES;
				ENABLE_TESTABILITY = YES;
				GCC_C_LANGUAGE_STANDARD = gnu11;
				GCC_DYNAMIC_NO_PIC = NO;
				GCC_NO_COMMON_BLOCKS = YES;
				GCC_OPTIMIZATION_LEVEL = 0;
				GCC_PREPROCESSOR_DEFINITIONS = (
					"DEBUG=1",
					"$(inherited)",
				);
				GCC_WARN_64_TO_32_BIT_CONVERSION = YES;
				GCC_WARN_ABOUT_RETURN_TYPE = YES_ERROR;
				GCC_WARN_UNDECLARED_SELECTOR = YES;
				GCC_WARN_UNINITIALIZED_AUTOS = YES_AGGRESSIVE;
				GCC_WARN_UNUSED_FUNCTION = YES;
				GCC_WARN_UNUSED_VARIABLE = YES;
				IPHONEOS_DEPLOYMENT_TARGET = 11.2;
				MTL_ENABLE_DEBUG_INFO = YES;
				ONLY_ACTIVE_ARCH = YES;
				SDKROOT = iphoneos;
				SWIFT_ACTIVE_COMPILATION_CONDITIONS = DEBUG;
				SWIFT_OPTIMIZATION_LEVEL = "-Onone";
			};
			name = Debug;
		};
		BEB942A2206BFA2700F1FEE1 /* Release */ = {
			isa = XCBuildConfiguration;
			buildSettings = {
				ALWAYS_SEARCH_USER_PATHS = NO;
				CLANG_ANALYZER_NONNULL = YES;
				CLANG_ANALYZER_NUMBER_OBJECT_CONVERSION = YES_AGGRESSIVE;
				CLANG_CXX_LANGUAGE_STANDARD = "gnu++14";
				CLANG_CXX_LIBRARY = "libc++";
				CLANG_ENABLE_MODULES = YES;
				CLANG_ENABLE_OBJC_ARC = YES;
				CLANG_WARN_BLOCK_CAPTURE_AUTORELEASING = YES;
				CLANG_WARN_BOOL_CONVERSION = YES;
				CLANG_WARN_COMMA = YES;
				CLANG_WARN_CONSTANT_CONVERSION = YES;
				CLANG_WARN_DEPRECATED_OBJC_IMPLEMENTATIONS = YES;
				CLANG_WARN_DIRECT_OBJC_ISA_USAGE = YES_ERROR;
				CLANG_WARN_DOCUMENTATION_COMMENTS = YES;
				CLANG_WARN_EMPTY_BODY = YES;
				CLANG_WARN_ENUM_CONVERSION = YES;
				CLANG_WARN_INFINITE_RECURSION = YES;
				CLANG_WARN_INT_CONVERSION = YES;
				CLANG_WARN_NON_LITERAL_NULL_CONVERSION = YES;
				CLANG_WARN_OBJC_IMPLICIT_RETAIN_SELF = YES;
				CLANG_WARN_OBJC_LITERAL_CONVERSION = YES;
				CLANG_WARN_OBJC_ROOT_CLASS = YES_ERROR;
				CLANG_WARN_RANGE_LOOP_ANALYSIS = YES;
				CLANG_WARN_STRICT_PROTOTYPES = YES;
				CLANG_WARN_SUSPICIOUS_MOVE = YES;
				CLANG_WARN_UNGUARDED_AVAILABILITY = YES_AGGRESSIVE;
				CLANG_WARN_UNREACHABLE_CODE = YES;
				CLANG_WARN__DUPLICATE_METHOD_MATCH = YES;
				CODE_SIGN_IDENTITY = "iPhone Developer";
				COPY_PHASE_STRIP = NO;
				DEBUG_INFORMATION_FORMAT = "dwarf-with-dsym";
				ENABLE_NS_ASSERTIONS = NO;
				ENABLE_STRICT_OBJC_MSGSEND = YES;
				GCC_C_LANGUAGE_STANDARD = gnu11;
				GCC_NO_COMMON_BLOCKS = YES;
				GCC_WARN_64_TO_32_BIT_CONVERSION = YES;
				GCC_WARN_ABOUT_RETURN_TYPE = YES_ERROR;
				GCC_WARN_UNDECLARED_SELECTOR = YES;
				GCC_WARN_UNINITIALIZED_AUTOS = YES_AGGRESSIVE;
				GCC_WARN_UNUSED_FUNCTION = YES;
				GCC_WARN_UNUSED_VARIABLE = YES;
				IPHONEOS_DEPLOYMENT_TARGET = 11.2;
				MTL_ENABLE_DEBUG_INFO = NO;
				SDKROOT = iphoneos;
				SWIFT_OPTIMIZATION_LEVEL = "-Owholemodule";
				VALIDATE_PRODUCT = YES;
			};
			name = Release;
		};
		BEB942A4206BFA2700F1FEE1 /* Debug */ = {
			isa = XCBuildConfiguration;
			buildSettings = {
				ASSETCATALOG_COMPILER_APPICON_NAME = AppIcon;
				CODE_SIGN_STYLE = Automatic;
				DEVELOPMENT_TEAM = RP6364VX67;
				INFOPLIST_FILE = Milo/Info.plist;
				LD_RUNPATH_SEARCH_PATHS = "$(inherited) @executable_path/Frameworks";
				PRODUCT_BUNDLE_IDENTIFIER = ByEldon.Milo;
				PRODUCT_NAME = "$(TARGET_NAME)";
				SWIFT_VERSION = 4.0;
				TARGETED_DEVICE_FAMILY = "1,2";
			};
			name = Debug;
		};
		BEB942A5206BFA2700F1FEE1 /* Release */ = {
			isa = XCBuildConfiguration;
			buildSettings = {
				ASSETCATALOG_COMPILER_APPICON_NAME = AppIcon;
				CODE_SIGN_STYLE = Automatic;
				DEVELOPMENT_TEAM = RP6364VX67;
				INFOPLIST_FILE = Milo/Info.plist;
				LD_RUNPATH_SEARCH_PATHS = "$(inherited) @executable_path/Frameworks";
				PRODUCT_BUNDLE_IDENTIFIER = ByEldon.Milo;
				PRODUCT_NAME = "$(TARGET_NAME)";
				SWIFT_VERSION = 4.0;
				TARGETED_DEVICE_FAMILY = "1,2";
			};
			name = Release;
		};
/* End XCBuildConfiguration section */

/* Begin XCConfigurationList section */
		BEB9428C206BFA2700F1FEE1 /* Build configuration list for PBXProject "Milo" */ = {
			isa = XCConfigurationList;
			buildConfigurations = (
				BEB942A1206BFA2700F1FEE1 /* Debug */,
				BEB942A2206BFA2700F1FEE1 /* Release */,
			);
			defaultConfigurationIsVisible = 0;
			defaultConfigurationName = Release;
		};
		BEB942A3206BFA2700F1FEE1 /* Build configuration list for PBXNativeTarget "Milo" */ = {
			isa = XCConfigurationList;
			buildConfigurations = (
				BEB942A4206BFA2700F1FEE1 /* Debug */,
				BEB942A5206BFA2700F1FEE1 /* Release */,
			);
			defaultConfigurationIsVisible = 0;
			defaultConfigurationName = Release;
		};
/* End XCConfigurationList section */

/* Begin XCVersionGroup section */
		BE92A1B9207C05BA005BB072 /* Milo.xcdatamodeld */ = {
			isa = XCVersionGroup;
			children = (
				BE92A1BA207C05BA005BB072 /* Milo.xcdatamodel */,
			);
			currentVersion = BE92A1BA207C05BA005BB072 /* Milo.xcdatamodel */;
			path = Milo.xcdatamodeld;
			sourceTree = "<group>";
			versionGroupType = wrapper.xcdatamodel;
		};
/* End XCVersionGroup section */
	};
	rootObject = BEB94289206BFA2700F1FEE1 /* Project object */;
}
